
Microsoft Visual Studio Solution File, Format Version 12.00
# Visual Studio Version 17
VisualStudioVersion = 17.10.35027.167
MinimumVisualStudioVersion = 10.0.40219.1
Project("{888888A0-9F3D-457C-B088-3A5042F75D52}") = "JUSOR", "JUSOR\JUSOR.pyproj", "{3B2F631E-51EA-4EC7-B6CA-CAE6FC63A08B}"
EndProject
Global
	GlobalSection(SolutionConfigurationPlatforms) = preSolution
		Debug|Any CPU = Debug|Any CPU
		Release|Any CPU = Release|Any CPU
	EndGlobalSection
	GlobalSection(ProjectConfigurationPlatforms) = postSolution
		{3B2F631E-51EA-4EC7-B6CA-CAE6FC63A08B}.Debug|Any CPU.ActiveCfg = Debug|Any CPU
		{3B2F631E-51EA-4EC7-B6CA-CAE6FC63A08B}.Debug|Any CPU.Build.0 = Debug|Any CPU
		{3B2F631E-51EA-4EC7-B6CA-CAE6FC63A08B}.Release|Any CPU.ActiveCfg = Release|Any CPU
		{3B2F631E-51EA-4EC7-B6CA-CAE6FC63A08B}.Release|Any CPU.Build.0 = Release|Any CPU
	EndGlobalSection
	GlobalSection(SolutionProperties) = preSolution
		HideSolutionNode = FALSE
	EndGlobalSection
	GlobalSection(ExtensibilityGlobals) = postSolution
		SolutionGuid = {FE7EA6E5-DEA8-4E60-9E70-F5A2D5B2175E}
	EndGlobalSection
EndGlobal
